{
    "_readme": [
        "This file locks the dependencies of your project to a known state",
        "Read more about it at https://getcomposer.org/doc/01-basic-usage.md#installing-dependencies",
        "This file is @generated automatically"
    ],
    "content-hash": "0e56999b9247151949bb55c48d36f5c9",
    "packages": [
        {
            "name": "jefferson49/webtrees-common",
            "version": "1.2.18",
            "source": {
                "type": "git",
                "url": "https://github.com/Jefferson49/webtrees-common.git",
                "reference": "a2495fffc00c4f25968e0357b7095250692f64e1"
            },
            "require": {
                "php": ">=7.4"
            },
            "type": "library",
            "license": [
                "GPL-3.0"
            ],
            "description": "Library to share common code between webtrees custom modules",
            "keywords": [
                "custom-module",
                "webtrees",
                "webtrees-module"
            ],
            "time": "2025-08-23T04:54:39+00:00"
        },
        {
            "name": "marktaborosi/flysystem-nextcloud",
            "version": "1.0.0",
            "source": {
                "type": "git",
                "url": "https://github.com/marktaborosi/flysystem-nextcloud.git",
                "reference": "df399d16148bba0b38308a8715a3ea443f81051d"
            },
            "dist": {
                "type": "zip",
                "url": "https://api.github.com/repos/marktaborosi/flysystem-nextcloud/zipball/df399d16148bba0b38308a8715a3ea443f81051d",
                "reference": "df399d16148bba0b38308a8715a3ea443f81051d",
                "shasum": ""
            },
            "require": {
                "larapack/dd": "^1.1",
                "league/flysystem": "^3.29",
                "sabre/dav": "^4.7"
            },
            "require-dev": {
                "league/flysystem-adapter-test-utilities": "^3.29",
                "phpstan/phpstan": "^2.1",
                "phpunit/phpunit": "^11.5"
            },
            "suggest": {
                "larapack/dd": "Optional debugging helper, useful for development.",
                "sabre/dav": "Required for WebDAV communication with Nextcloud."
            },
            "type": "library",
            "autoload": {
                "psr-4": {
                    "Marktaborosi\\FlysystemNextcloud\\": "src/",
                    "Marktaborosi\\FlysystemNextcloud\\Tests\\": "tests/"
                }
            },
            "notification-url": "https://packagist.org/downloads/",
            "license": [
                "MIT"
            ],
            "authors": [
                {
                    "name": "Mark Taborosi",
                    "email": "mark.taborosi@gmail.com"
                }
            ],
            "description": "A Flysystem v3 adapter for Nextcloud WebDav integration",
            "support": {
                "issues": "https://github.com/marktaborosi/flysystem-nextcloud/issues",
                "source": "https://github.com/marktaborosi/flysystem-nextcloud/tree/v1.0.0"
            },
            "time": "2025-04-28T17:11:00+00:00"
        },
        {
            "name": "sabre/dav",
            "version": "4.7.0",
            "source": {
                "type": "git",
                "url": "https://github.com/sabre-io/dav.git",
                "reference": "074373bcd689a30bcf5aaa6bbb20a3395964ce7a"
            },
            "dist": {
                "type": "zip",
                "url": "https://api.github.com/repos/sabre-io/dav/zipball/074373bcd689a30bcf5aaa6bbb20a3395964ce7a",
                "reference": "074373bcd689a30bcf5aaa6bbb20a3395964ce7a",
                "shasum": ""
            },
            "require": {
                "ext-ctype": "*",
                "ext-date": "*",
                "ext-dom": "*",
                "ext-iconv": "*",
                "ext-json": "*",
                "ext-mbstring": "*",
                "ext-pcre": "*",
                "ext-simplexml": "*",
                "ext-spl": "*",
                "lib-libxml": ">=2.7.0",
                "php": "^7.1.0 || ^8.0",
                "psr/log": "^1.0 || ^2.0 || ^3.0",
                "sabre/event": "^5.0",
                "sabre/http": "^5.0.5",
                "sabre/uri": "^2.0",
                "sabre/vobject": "^4.2.1",
                "sabre/xml": "^2.0.1"
            },
            "require-dev": {
                "friendsofphp/php-cs-fixer": "^2.19",
                "monolog/monolog": "^1.27 || ^2.0",
                "phpstan/phpstan": "^0.12 || ^1.0",
                "phpstan/phpstan-phpunit": "^1.0",
                "phpunit/phpunit": "^7.5 || ^8.5 || ^9.6"
            },
            "suggest": {
                "ext-curl": "*",
                "ext-imap": "*",
                "ext-pdo": "*"
            },
            "bin": [
                "bin/sabredav",
                "bin/naturalselection"
            ],
            "type": "library",
            "autoload": {
                "psr-4": {
                    "Sabre\\": "lib/"
                }
            },
            "notification-url": "https://packagist.org/downloads/",
            "license": [
                "BSD-3-Clause"
            ],
            "authors": [
                {
                    "name": "Evert Pot",
                    "email": "me@evertpot.com",
                    "homepage": "http://evertpot.com/",
                    "role": "Developer"
                }
            ],
            "description": "WebDAV Framework for PHP",
            "homepage": "http://sabre.io/",
            "keywords": [
                "CalDAV",
                "CardDAV",
                "WebDAV",
                "framework",
                "iCalendar"
            ],
            "support": {
                "forum": "https://groups.google.com/group/sabredav-discuss",
                "issues": "https://github.com/sabre-io/dav/issues",
                "source": "https://github.com/fruux/sabre-dav"
            },
            "time": "2024-10-29T11:46:02+00:00"
        },
        {
            "name": "sabre/event",
            "version": "5.1.7",
            "source": {
                "type": "git",
                "url": "https://github.com/sabre-io/event.git",
                "reference": "86d57e305c272898ba3c28e9bd3d65d5464587c2"
            },
            "dist": {
                "type": "zip",
                "url": "https://api.github.com/repos/sabre-io/event/zipball/86d57e305c272898ba3c28e9bd3d65d5464587c2",
                "reference": "86d57e305c272898ba3c28e9bd3d65d5464587c2",
                "shasum": ""
            },
            "require": {
                "php": "^7.1 || ^8.0"
            },
            "require-dev": {
                "friendsofphp/php-cs-fixer": "~2.17.1||^3.63",
                "phpstan/phpstan": "^0.12",
                "phpunit/phpunit": "^7.5 || ^8.5 || ^9.6"
            },
            "type": "library",
            "autoload": {
                "files": [
                    "lib/coroutine.php",
                    "lib/Loop/functions.php",
                    "lib/Promise/functions.php"
                ],
                "psr-4": {
                    "Sabre\\Event\\": "lib/"
                }
            },
            "notification-url": "https://packagist.org/downloads/",
            "license": [
                "BSD-3-Clause"
            ],
            "authors": [
                {
                    "name": "Evert Pot",
                    "email": "me@evertpot.com",
                    "homepage": "http://evertpot.com/",
                    "role": "Developer"
                }
            ],
            "description": "sabre/event is a library for lightweight event-based programming",
            "homepage": "http://sabre.io/event/",
            "keywords": [
                "EventEmitter",
                "async",
                "coroutine",
                "eventloop",
                "events",
                "hooks",
                "plugin",
                "promise",
                "reactor",
                "signal"
            ],
            "support": {
                "forum": "https://groups.google.com/group/sabredav-discuss",
                "issues": "https://github.com/sabre-io/event/issues",
                "source": "https://github.com/fruux/sabre-event"
            },
            "time": "2024-08-27T11:23:05+00:00"
        },
        {
            "name": "sabre/http",
            "version": "5.1.13",
            "source": {
                "type": "git",
                "url": "https://github.com/sabre-io/http.git",
                "reference": "7c2a14097d1a0de2347dcbdc91a02f38e338f4db"
            },
            "dist": {
                "type": "zip",
                "url": "https://api.github.com/repos/sabre-io/http/zipball/7c2a14097d1a0de2347dcbdc91a02f38e338f4db",
                "reference": "7c2a14097d1a0de2347dcbdc91a02f38e338f4db",
                "shasum": ""
            },
            "require": {
                "ext-ctype": "*",
                "ext-curl": "*",
                "ext-mbstring": "*",
                "php": "^7.1 || ^8.0",
                "sabre/event": ">=4.0 <6.0",
                "sabre/uri": "^2.0"
            },
            "require-dev": {
                "friendsofphp/php-cs-fixer": "~2.17.1||3.63.2",
                "phpstan/phpstan": "^0.12",
                "phpunit/phpunit": "^7.5 || ^8.5 || ^9.6"
            },
            "suggest": {
                "ext-curl": " to make http requests with the Client class"
            },
            "type": "library",
            "autoload": {
                "files": [
                    "lib/functions.php"
                ],
                "psr-4": {
                    "Sabre\\HTTP\\": "lib/"
                }
            },
            "notification-url": "https://packagist.org/downloads/",
            "license": [
                "BSD-3-Clause"
            ],
            "authors": [
                {
                    "name": "Evert Pot",
                    "email": "me@evertpot.com",
                    "homepage": "http://evertpot.com/",
                    "role": "Developer"
                }
            ],
            "description": "The sabre/http library provides utilities for dealing with http requests and responses. ",
            "homepage": "https://github.com/fruux/sabre-http",
            "keywords": [
                "http"
            ],
            "support": {
                "forum": "https://groups.google.com/group/sabredav-discuss",
                "issues": "https://github.com/sabre-io/http/issues",
                "source": "https://github.com/fruux/sabre-http"
            },
            "time": "2025-09-09T10:21:47+00:00"
        },
        {
            "name": "sabre/xml",
            "version": "2.2.11",
            "source": {
                "type": "git",
                "url": "https://github.com/sabre-io/xml.git",
                "reference": "01a7927842abf3e10df3d9c2d9b0cc9d813a3fcc"
            },
            "dist": {
                "type": "zip",
                "url": "https://api.github.com/repos/sabre-io/xml/zipball/01a7927842abf3e10df3d9c2d9b0cc9d813a3fcc",
                "reference": "01a7927842abf3e10df3d9c2d9b0cc9d813a3fcc",
                "shasum": ""
            },
            "require": {
                "ext-dom": "*",
                "ext-xmlreader": "*",
                "ext-xmlwriter": "*",
                "lib-libxml": ">=2.6.20",
                "php": "^7.1 || ^8.0",
                "sabre/uri": ">=1.0,<3.0.0"
            },
            "require-dev": {
                "friendsofphp/php-cs-fixer": "~2.17.1||3.63.2",
                "phpstan/phpstan": "^0.12",
                "phpunit/phpunit": "^7.5 || ^8.5 || ^9.6"
            },
            "type": "library",
            "autoload": {
                "files": [
                    "lib/Deserializer/functions.php",
                    "lib/Serializer/functions.php"
                ],
                "psr-4": {
                    "Sabre\\Xml\\": "lib/"
                }
            },
            "notification-url": "https://packagist.org/downloads/",
            "license": [
                "BSD-3-Clause"
            ],
            "authors": [
                {
                    "name": "Evert Pot",
                    "email": "me@evertpot.com",
                    "homepage": "http://evertpot.com/",
                    "role": "Developer"
                },
                {
                    "name": "Markus Staab",
                    "email": "markus.staab@redaxo.de",
                    "role": "Developer"
                }
            ],
            "description": "sabre/xml is an XML library that you may not hate.",
            "homepage": "https://sabre.io/xml/",
            "keywords": [
                "XMLReader",
                "XMLWriter",
                "dom",
                "xml"
            ],
            "support": {
                "forum": "https://groups.google.com/group/sabredav-discuss",
                "issues": "https://github.com/sabre-io/xml/issues",
                "source": "https://github.com/fruux/sabre-xml"
            },
            "time": "2024-09-06T07:37:46+00:00"
        }
    ],
    "packages-dev": [],
    "aliases": [],
    "minimum-stability": "stable",
    "stability-flags": {},
    "prefer-stable": false,
    "prefer-lowest": false,
    "platform": {},
    "platform-dev": {},
    "plugin-api-version": "2.6.0"
}
